
Microsoft Visual Studio Solution File, Format Version 12.00
# Visual Studio Version 16
VisualStudioVersion = 16.0.30225.117
MinimumVisualStudioVersion = 10.0.40219.1
Project("{FAE04EC0-301F-11D3-BF4B-00C04F79EFBC}") = "AppFinalproyecto", "AppFinalproyecto\AppFinalproyecto.csproj", "{ABD99681-46E2-4819-BA3E-5B9AC95DB9FB}"
EndProject
Global
	GlobalSection(SolutionConfigurationPlatforms) = preSolution
		Debug|Any CPU = Debug|Any CPU
		Release|Any CPU = Release|Any CPU
	EndGlobalSection
	GlobalSection(ProjectConfigurationPlatforms) = postSolution
		{ABD99681-46E2-4819-BA3E-5B9AC95DB9FB}.Debug|Any CPU.ActiveCfg = Debug|Any CPU
		{ABD99681-46E2-4819-BA3E-5B9AC95DB9FB}.Debug|Any CPU.Build.0 = Debug|Any CPU
		{ABD99681-46E2-4819-BA3E-5B9AC95DB9FB}.Release|Any CPU.ActiveCfg = Release|Any CPU
		{ABD99681-46E2-4819-BA3E-5B9AC95DB9FB}.Release|Any CPU.Build.0 = Release|Any CPU
	EndGlobalSection
	GlobalSection(SolutionProperties) = preSolution
		HideSolutionNode = FALSE
	EndGlobalSection
	GlobalSection(ExtensibilityGlobals) = postSolution
		SolutionGuid = {2E6F3AE3-91DA-478D-AE30-A69599C3F850}
	EndGlobalSection
EndGlobal
